
Microsoft Visual Studio Solution File, Format Version 12.00
# Visual Studio 15
VisualStudioVersion = 15.0.26228.9
MinimumVisualStudioVersion = 10.0.40219.1
Project("{FAE04EC0-301F-11D3-BF4B-00C04F79EFBC}") = "AlgoDLL", "AlgoDLL\AlgoDLL.csproj", "{F3A11CE1-9A80-4C12-91B5-769BAFA9E2AF}"
EndProject
Global
	GlobalSection(SolutionConfigurationPlatforms) = preSolution
		Debug|Any CPU = Debug|Any CPU
		Release|Any CPU = Release|Any CPU
	EndGlobalSection
	GlobalSection(ProjectConfigurationPlatforms) = postSolution
		{F3A11CE1-9A80-4C12-91B5-769BAFA9E2AF}.Debug|Any CPU.ActiveCfg = Debug|Any CPU
		{F3A11CE1-9A80-4C12-91B5-769BAFA9E2AF}.Debug|Any CPU.Build.0 = Debug|Any CPU
		{F3A11CE1-9A80-4C12-91B5-769BAFA9E2AF}.Release|Any CPU.ActiveCfg = Release|Any CPU
		{F3A11CE1-9A80-4C12-91B5-769BAFA9E2AF}.Release|Any CPU.Build.0 = Release|Any CPU
	EndGlobalSection
	GlobalSection(SolutionProperties) = preSolution
		HideSolutionNode = FALSE
	EndGlobalSection
EndGlobal
